dependencies:
- name: cassandra
  repository: https://kubernetes-charts-incubator.storage.googleapis.com/
  version: 0.4.1
- name: kafka
  repository: https://kubernetes-charts-incubator.storage.googleapis.com/
  version: 0.8.5
digest: sha256:478c52b392ebafd26da4c8507e3f25b6186d61184aeca9a2cafad0b1def548db
generated: "2020-04-07T09:38:47.238824+02:00"
